
Microsoft Visual Studio Solution File, Format Version 12.00
# Visual Studio Version 17
VisualStudioVersion = 17.5.33424.131
MinimumVisualStudioVersion = 10.0.40219.1
Project("{FAE04EC0-301F-11D3-BF4B-00C04F79EFBC}") = "DoAn_Web", "DoAn_Web\DoAn_Web.csproj", "{D3DE49A7-A55B-4FB7-90AB-B8407EB47915}"
EndProject
Global
	GlobalSection(SolutionConfigurationPlatforms) = preSolution
		Debug|Any CPU = Debug|Any CPU
		Release|Any CPU = Release|Any CPU
	EndGlobalSection
	GlobalSection(ProjectConfigurationPlatforms) = postSolution
		{D3DE49A7-A55B-4FB7-90AB-B8407EB47915}.Debug|Any CPU.ActiveCfg = Debug|Any CPU
		{D3DE49A7-A55B-4FB7-90AB-B8407EB47915}.Debug|Any CPU.Build.0 = Debug|Any CPU
		{D3DE49A7-A55B-4FB7-90AB-B8407EB47915}.Release|Any CPU.ActiveCfg = Release|Any CPU
		{D3DE49A7-A55B-4FB7-90AB-B8407EB47915}.Release|Any CPU.Build.0 = Release|Any CPU
	EndGlobalSection
	GlobalSection(SolutionProperties) = preSolution
		HideSolutionNode = FALSE
	EndGlobalSection
	GlobalSection(ExtensibilityGlobals) = postSolution
		SolutionGuid = {221D3553-00B5-44E5-ADDE-8A13ABAE86B6}
	EndGlobalSection
EndGlobal
